
Microsoft Visual Studio Solution File, Format Version 12.00
# Visual Studio Version 17
VisualStudioVersion = 17.5.002.0
MinimumVisualStudioVersion = 10.0.40219.1
Project("{9A19103F-16F7-4668-BE54-9A1E7A4F7556}") = "Program", "Program.csproj", "{982B01FF-672C-4292-B032-731868A60953}"
EndProject
Global
	GlobalSection(SolutionConfigurationPlatforms) = preSolution
		Debug|Any CPU = Debug|Any CPU
		Release|Any CPU = Release|Any CPU
	EndGlobalSection
	GlobalSection(ProjectConfigurationPlatforms) = postSolution
		{982B01FF-672C-4292-B032-731868A60953}.Debug|Any CPU.ActiveCfg = Debug|Any CPU
		{982B01FF-672C-4292-B032-731868A60953}.Debug|Any CPU.Build.0 = Debug|Any CPU
		{982B01FF-672C-4292-B032-731868A60953}.Release|Any CPU.ActiveCfg = Release|Any CPU
		{982B01FF-672C-4292-B032-731868A60953}.Release|Any CPU.Build.0 = Release|Any CPU
	EndGlobalSection
	GlobalSection(SolutionProperties) = preSolution
		HideSolutionNode = FALSE
	EndGlobalSection
	GlobalSection(ExtensibilityGlobals) = postSolution
		SolutionGuid = {7E0296D0-A5B8-4122-B52C-6CE9C083161E}
	EndGlobalSection
EndGlobal
